lockfileVersion: 5.4

specifiers:
  fuse.js: ^6.6.2
  fuzzysort: ^2.0.1
  lodash.debounce: ^4.0.8

dependencies:
  fuse.js: 6.6.2
  fuzzysort: 2.0.1
  lodash.debounce: 4.0.8

packages:

  /fuse.js/6.6.2:
    resolution: {integrity: sha512-cJaJkxCCxC8qIIcPBF9yGxY0W/tVZS3uEISDxhYIdtk8OL93pe+6Zj7LjCqVV4dzbqcriOZ+kQ/NE4RXZHsIGA==}
    engines: {node: '>=10'}
    dev: false

  /fuzzysort/2.0.1:
    resolution: {integrity: sha512-SlgbPAq0eQ6JQ1h3l4MNeGH/t9DHKH8GGM0RD/6RhmJrNnSoWt3oIVaiQm9g9BPB+wAhRMeMqlUTbhbd7+Ufcg==}
    dev: false

  /lodash.debounce/4.0.8:
    resolution: {integrity: sha512-FT1yDzDYEoYWhnSGnpE/4Kj1fLZkDFyqRb7fNt6FdYOSxlUWAtp42Eh6Wb0rGIv/m9Bgo7x4GhQbm5Ys4SG5ow==}
    dev: false
